
Microsoft Visual Studio Solution File, Format Version 12.00
# Visual Studio Version 16
VisualStudioVersion = 16.0.32228.343
MinimumVisualStudioVersion = 10.0.40219.1
Project("{FAE04EC0-301F-11D3-BF4B-00C04F79EFBC}") = "CheckAPI", "CheckAPI\CheckAPI.csproj", "{D6FA9CE1-0E05-4549-8ECC-7BAF99AB56D7}"
EndProject
Global
	GlobalSection(SolutionConfigurationPlatforms) = preSolution
		Debug|Any CPU = Debug|Any CPU
		Release|Any CPU = Release|Any CPU
	EndGlobalSection
	GlobalSection(ProjectConfigurationPlatforms) = postSolution
		{D6FA9CE1-0E05-4549-8ECC-7BAF99AB56D7}.Debug|Any CPU.ActiveCfg = Debug|Any CPU
		{D6FA9CE1-0E05-4549-8ECC-7BAF99AB56D7}.Debug|Any CPU.Build.0 = Debug|Any CPU
		{D6FA9CE1-0E05-4549-8ECC-7BAF99AB56D7}.Release|Any CPU.ActiveCfg = Release|Any CPU
		{D6FA9CE1-0E05-4549-8ECC-7BAF99AB56D7}.Release|Any CPU.Build.0 = Release|Any CPU
	EndGlobalSection
	GlobalSection(SolutionProperties) = preSolution
		HideSolutionNode = FALSE
	EndGlobalSection
	GlobalSection(ExtensibilityGlobals) = postSolution
		SolutionGuid = {E6BB705B-7B0C-492C-93E4-A79B46C87BE1}
	EndGlobalSection
EndGlobal
